
Microsoft Visual Studio Solution File, Format Version 12.00
# Visual Studio Version 17
VisualStudioVersion = 17.10.34928.147
MinimumVisualStudioVersion = 10.0.40219.1
Project("{FAE04EC0-301F-11D3-BF4B-00C04F79EFBC}") = "Zadanie10Observer", "Zadanie10Observer\Zadanie10Observer.csproj", "{1F602153-84AE-4F9A-9EDF-0844CB6EAC28}"
EndProject
Global
	GlobalSection(SolutionConfigurationPlatforms) = preSolution
		Debug|Any CPU = Debug|Any CPU
		Release|Any CPU = Release|Any CPU
	EndGlobalSection
	GlobalSection(ProjectConfigurationPlatforms) = postSolution
		{1F602153-84AE-4F9A-9EDF-0844CB6EAC28}.Debug|Any CPU.ActiveCfg = Debug|Any CPU
		{1F602153-84AE-4F9A-9EDF-0844CB6EAC28}.Debug|Any CPU.Build.0 = Debug|Any CPU
		{1F602153-84AE-4F9A-9EDF-0844CB6EAC28}.Release|Any CPU.ActiveCfg = Release|Any CPU
		{1F602153-84AE-4F9A-9EDF-0844CB6EAC28}.Release|Any CPU.Build.0 = Release|Any CPU
	EndGlobalSection
	GlobalSection(SolutionProperties) = preSolution
		HideSolutionNode = FALSE
	EndGlobalSection
	GlobalSection(ExtensibilityGlobals) = postSolution
		SolutionGuid = {B9FBFC98-B74C-489D-905F-FD50816FFC55}
	EndGlobalSection
EndGlobal
